
Microsoft Visual Studio Solution File, Format Version 12.00
# Visual Studio Version 17
VisualStudioVersion = 17.11.35431.28
MinimumVisualStudioVersion = 10.0.40219.1
Project("{FAE04EC0-301F-11D3-BF4B-00C04F79EFBC}") = "TimeToNewYear", "TimeToNewYear\TimeToNewYear.csproj", "{FDD09A69-7CCE-4D81-8315-3ADFF0B93A44}"
EndProject
Global
	GlobalSection(SolutionConfigurationPlatforms) = preSolution
		Debug|Any CPU = Debug|Any CPU
		Release|Any CPU = Release|Any CPU
	EndGlobalSection
	GlobalSection(ProjectConfigurationPlatforms) = postSolution
		{FDD09A69-7CCE-4D81-8315-3ADFF0B93A44}.Debug|Any CPU.ActiveCfg = Debug|Any CPU
		{FDD09A69-7CCE-4D81-8315-3ADFF0B93A44}.Debug|Any CPU.Build.0 = Debug|Any CPU
		{FDD09A69-7CCE-4D81-8315-3ADFF0B93A44}.Release|Any CPU.ActiveCfg = Release|Any CPU
		{FDD09A69-7CCE-4D81-8315-3ADFF0B93A44}.Release|Any CPU.Build.0 = Release|Any CPU
	EndGlobalSection
	GlobalSection(SolutionProperties) = preSolution
		HideSolutionNode = FALSE
	EndGlobalSection
	GlobalSection(ExtensibilityGlobals) = postSolution
		SolutionGuid = {C4D10799-B687-414D-BD2B-F8219ABF00F4}
	EndGlobalSection
EndGlobal
